<?xml version="1.0" encoding="utf-8"?>
<Project ToolsVersion="4.0" xmlns="http://schemas.microsoft.com/developer/msbuild/2003">
  <ItemGroup>
    <Filter Include="00_main">
      <UniqueIdentifier>{87135e9e-9146-43ff-9b62-3f016f68ee8a}</UniqueIdentifier>
    </Filter>
    <Filter Include="01_manager">
      <UniqueIdentifier>{10658699-5a6d-4eaa-94f8-c3e13787c321}</UniqueIdentifier>
    </Filter>
    <Filter Include="02_input">
      <UniqueIdentifier>{9bb4618b-25d7-4325-bc77-650580e23b02}</UniqueIdentifier>
    </Filter>
    <Filter Include="03_scene">
      <UniqueIdentifier>{8e1b01e6-918f-41f1-b5dc-ed33e2f967d2}</UniqueIdentifier>
    </Filter>
    <Filter Include="04_mode">
      <UniqueIdentifier>{48f3bbe9-cb40-44e6-9bd7-9d16413eae86}</UniqueIdentifier>
    </Filter>
    <Filter Include="05_player">
      <UniqueIdentifier>{41b492dc-86ec-4614-902b-0fcd544d4554}</UniqueIdentifier>
    </Filter>
    <Filter Include="06_item">
      <UniqueIdentifier>{bd1643e2-6666-4f38-babb-ee34e2c95d1a}</UniqueIdentifier>
    </Filter>
    <Filter Include="07_resource">
      <UniqueIdentifier>{f6fbcecc-fe21-4322-ae64-5fa5c43b355a}</UniqueIdentifier>
    </Filter>
    <Filter Include="08_3D">
      <UniqueIdentifier>{e43183ff-1990-4dfe-a141-e713ef913064}</UniqueIdentifier>
    </Filter>
    <Filter Include="09_2D">
      <UniqueIdentifier>{3dbac6b7-ebca-4548-bd14-a68c78a6eea4}</UniqueIdentifier>
    </Filter>
    <Filter Include="10_UI">
      <UniqueIdentifier>{1fb8f824-d21f-47eb-ae70-394c784fa449}</UniqueIdentifier>
    </Filter>
    <Filter Include="11_common">
      <UniqueIdentifier>{88a79338-f985-4147-b6ba-856baeac103d}</UniqueIdentifier>
    </Filter>
    <Filter Include="12_effect">
      <UniqueIdentifier>{d8808717-5001-422b-afc6-c5b9fcca9afe}</UniqueIdentifier>
    </Filter>
  </ItemGroup>
  <ItemGroup>
    <ClInclude Include="00_main\main.h">
      <Filter>00_main</Filter>
    </ClInclude>
    <ClInclude Include="01_manager\manager.h">
      <Filter>01_manager</Filter>
    </ClInclude>
    <ClInclude Include="01_manager\resource_manager.h">
      <Filter>01_manager</Filter>
    </ClInclude>
    <ClInclude Include="02_input\input.h">
      <Filter>02_input</Filter>
    </ClInclude>
    <ClInclude Include="02_input\joypad.h">
      <Filter>02_input</Filter>
    </ClInclude>
    <ClInclude Include="02_input\keyboard.h">
      <Filter>02_input</Filter>
    </ClInclude>
    <ClInclude Include="03_scene\scene.h">
      <Filter>03_scene</Filter>
    </ClInclude>
    <ClInclude Include="03_scene\scene_base.h">
      <Filter>03_scene</Filter>
    </ClInclude>
    <ClInclude Include="03_scene\scene2d.h">
      <Filter>03_scene</Filter>
    </ClInclude>
    <ClInclude Include="03_scene\scene3D.h">
      <Filter>03_scene</Filter>
    </ClInclude>
    <ClInclude Include="04_mode\game.h">
      <Filter>04_mode</Filter>
    </ClInclude>
    <ClInclude Include="04_mode\result.h">
      <Filter>04_mode</Filter>
    </ClInclude>
    <ClInclude Include="04_mode\title.h">
      <Filter>04_mode</Filter>
    </ClInclude>
    <ClInclude Include="04_mode\tutorial.h">
      <Filter>04_mode</Filter>
    </ClInclude>
    <ClInclude Include="07_resource\sound.h">
      <Filter>07_resource</Filter>
    </ClInclude>
    <ClInclude Include="07_resource\texture.h">
      <Filter>07_resource</Filter>
    </ClInclude>
    <ClInclude Include="07_resource\xfile.h">
      <Filter>07_resource</Filter>
    </ClInclude>
    <ClInclude Include="08_3D\billboard.h">
      <Filter>08_3D</Filter>
    </ClInclude>
    <ClInclude Include="08_3D\camera.h">
      <Filter>08_3D</Filter>
    </ClInclude>
    <ClInclude Include="08_3D\character.h">
      <Filter>08_3D</Filter>
    </ClInclude>
    <ClInclude Include="08_3D\light.h">
      <Filter>08_3D</Filter>
    </ClInclude>
    <ClInclude Include="08_3D\mesh_3d.h">
      <Filter>08_3D</Filter>
    </ClInclude>
    <ClInclude Include="08_3D\meshfield.h">
      <Filter>08_3D</Filter>
    </ClInclude>
    <ClInclude Include="08_3D\model.h">
      <Filter>08_3D</Filter>
    </ClInclude>
    <ClInclude Include="08_3D\modelanime.h">
      <Filter>08_3D</Filter>
    </ClInclude>
    <ClInclude Include="10_UI\number_2d.h">
      <Filter>10_UI</Filter>
    </ClInclude>
    <ClInclude Include="10_UI\number_3d.h">
      <Filter>10_UI</Filter>
    </ClInclude>
    <ClInclude Include="10_UI\ui.h">
      <Filter>10_UI</Filter>
    </ClInclude>
    <ClInclude Include="11_common\bg.h">
      <Filter>11_common</Filter>
    </ClInclude>
    <ClInclude Include="11_common\collision.h">
      <Filter>11_common</Filter>
    </ClInclude>
    <ClInclude Include="11_common\fade.h">
      <Filter>11_common</Filter>
    </ClInclude>
    <ClInclude Include="11_common\polygon.h">
      <Filter>11_common</Filter>
    </ClInclude>
    <ClInclude Include="11_common\renderer.h">
      <Filter>11_common</Filter>
    </ClInclude>
    <ClInclude Include="12_effect\effect_3d.h">
      <Filter>12_effect</Filter>
    </ClInclude>
    <ClInclude Include="12_effect\effect_factory.h">
      <Filter>12_effect</Filter>
    </ClInclude>
    <ClInclude Include="12_effect\particle.h">
      <Filter>12_effect</Filter>
    </ClInclude>
    <ClInclude Include="08_3D\motion.h">
      <Filter>08_3D</Filter>
    </ClInclude>
    <ClInclude Include="06_item\item_bluewing.h">
      <Filter>06_item</Filter>
    </ClInclude>
    <ClInclude Include="06_item\itembox.h">
      <Filter>06_item</Filter>
    </ClInclude>
    <ClInclude Include="06_item\item.h">
      <Filter>06_item</Filter>
    </ClInclude>
    <ClInclude Include="06_item\item_redwing.h">
      <Filter>06_item</Filter>
    </ClInclude>
    <ClInclude Include="06_item\item_bomb.h">
      <Filter>06_item</Filter>
    </ClInclude>
    <ClInclude Include="06_item\item_barrier.h">
      <Filter>06_item</Filter>
    </ClInclude>
    <ClInclude Include="06_item\item_mhand.h">
      <Filter>06_item</Filter>
    </ClInclude>
    <ClInclude Include="06_item\item_thunder.h">
      <Filter>06_item</Filter>
    </ClInclude>
    <ClInclude Include="06_item\item_vortex.h">
      <Filter>06_item</Filter>
    </ClInclude>
    <ClInclude Include="06_item\item_boxmanager.h">
      <Filter>06_item</Filter>
    </ClInclude>
    <ClInclude Include="06_item\item_bombbox.h">
      <Filter>06_item</Filter>
    </ClInclude>
    <ClInclude Include="08_3D\star.h">
      <Filter>08_3D</Filter>
    </ClInclude>
    <ClInclude Include="08_3D\star_manager.h">
      <Filter>08_3D</Filter>
    </ClInclude>
    <ClInclude Include="10_UI\player_ui.h">
      <Filter>10_UI</Filter>
    </ClInclude>
    <ClInclude Include="10_UI\star_ui.h">
      <Filter>10_UI</Filter>
    </ClInclude>
    <ClInclude Include="05_player\player.h">
      <Filter>05_player</Filter>
    </ClInclude>
    <ClInclude Include="10_UI\time_ui.h">
      <Filter>10_UI</Filter>
    </ClInclude>
    <ClInclude Include="11_common\timer.h">
      <Filter>11_common</Filter>
    </ClInclude>
  </ItemGroup>
  <ItemGroup>
    <ClCompile Include="00_main\main.cpp">
      <Filter>00_main</Filter>
    </ClCompile>
    <ClCompile Include="01_manager\manager.cpp">
      <Filter>01_manager</Filter>
    </ClCompile>
    <ClCompile Include="01_manager\resource_manager.cpp">
      <Filter>01_manager</Filter>
    </ClCompile>
    <ClCompile Include="02_input\input.cpp">
      <Filter>02_input</Filter>
    </ClCompile>
    <ClCompile Include="02_input\joypad.cpp">
      <Filter>02_input</Filter>
    </ClCompile>
    <ClCompile Include="02_input\keyboard.cpp">
      <Filter>02_input</Filter>
    </ClCompile>
    <ClCompile Include="03_scene\scene.cpp">
      <Filter>03_scene</Filter>
    </ClCompile>
    <ClCompile Include="03_scene\scene_base.cpp">
      <Filter>03_scene</Filter>
    </ClCompile>
    <ClCompile Include="03_scene\scene2d.cpp">
      <Filter>03_scene</Filter>
    </ClCompile>
    <ClCompile Include="03_scene\scene3D.cpp">
      <Filter>03_scene</Filter>
    </ClCompile>
    <ClCompile Include="04_mode\game.cpp">
      <Filter>04_mode</Filter>
    </ClCompile>
    <ClCompile Include="04_mode\result.cpp">
      <Filter>04_mode</Filter>
    </ClCompile>
    <ClCompile Include="04_mode\title.cpp">
      <Filter>04_mode</Filter>
    </ClCompile>
    <ClCompile Include="04_mode\tutorial.cpp">
      <Filter>04_mode</Filter>
    </ClCompile>
    <ClCompile Include="07_resource\sound.cpp">
      <Filter>07_resource</Filter>
    </ClCompile>
    <ClCompile Include="07_resource\texture.cpp">
      <Filter>07_resource</Filter>
    </ClCompile>
    <ClCompile Include="07_resource\xfile.cpp">
      <Filter>07_resource</Filter>
    </ClCompile>
    <ClCompile Include="08_3D\billboard.cpp">
      <Filter>08_3D</Filter>
    </ClCompile>
    <ClCompile Include="08_3D\camera.cpp">
      <Filter>08_3D</Filter>
    </ClCompile>
    <ClCompile Include="08_3D\character.cpp">
      <Filter>08_3D</Filter>
    </ClCompile>
    <ClCompile Include="08_3D\light.cpp">
      <Filter>08_3D</Filter>
    </ClCompile>
    <ClCompile Include="08_3D\mesh_3d.cpp">
      <Filter>08_3D</Filter>
    </ClCompile>
    <ClCompile Include="08_3D\meshfield.cpp">
      <Filter>08_3D</Filter>
    </ClCompile>
    <ClCompile Include="08_3D\model.cpp">
      <Filter>08_3D</Filter>
    </ClCompile>
    <ClCompile Include="08_3D\modelanime.cpp">
      <Filter>08_3D</Filter>
    </ClCompile>
    <ClCompile Include="10_UI\number_2d.cpp">
      <Filter>10_UI</Filter>
    </ClCompile>
    <ClCompile Include="10_UI\number_3d.cpp">
      <Filter>10_UI</Filter>
    </ClCompile>
    <ClCompile Include="10_UI\ui.cpp">
      <Filter>10_UI</Filter>
    </ClCompile>
    <ClCompile Include="11_common\bg.cpp">
      <Filter>11_common</Filter>
    </ClCompile>
    <ClCompile Include="11_common\collision.cpp">
      <Filter>11_common</Filter>
    </ClCompile>
    <ClCompile Include="11_common\fade.cpp">
      <Filter>11_common</Filter>
    </ClCompile>
    <ClCompile Include="11_common\polygon.cpp">
      <Filter>11_common</Filter>
    </ClCompile>
    <ClCompile Include="11_common\renderer.cpp">
      <Filter>11_common</Filter>
    </ClCompile>
    <ClCompile Include="12_effect\effect_3d.cpp">
      <Filter>12_effect</Filter>
    </ClCompile>
    <ClCompile Include="12_effect\effect_factory.cpp">
      <Filter>12_effect</Filter>
    </ClCompile>
    <ClCompile Include="12_effect\particle.cpp">
      <Filter>12_effect</Filter>
    </ClCompile>
    <ClCompile Include="08_3D\motion.cpp">
      <Filter>08_3D</Filter>
    </ClCompile>
    <ClCompile Include="06_item\itembox.cpp">
      <Filter>06_item</Filter>
    </ClCompile>
    <ClCompile Include="06_item\item_bluewing.cpp">
      <Filter>06_item</Filter>
    </ClCompile>
    <ClCompile Include="06_item\item.cpp">
      <Filter>06_item</Filter>
    </ClCompile>
    <ClCompile Include="06_item\item_redwing.cpp">
      <Filter>06_item</Filter>
    </ClCompile>
    <ClCompile Include="06_item\item_bomb.cpp">
      <Filter>06_item</Filter>
    </ClCompile>
    <ClCompile Include="06_item\item_barrier.cpp">
      <Filter>06_item</Filter>
    </ClCompile>
    <ClCompile Include="06_item\item_thunder.cpp">
      <Filter>06_item</Filter>
    </ClCompile>
    <ClCompile Include="06_item\item_mhand.cpp">
      <Filter>06_item</Filter>
    </ClCompile>
    <ClCompile Include="06_item\item_vortex.cpp">
      <Filter>06_item</Filter>
    </ClCompile>
    <ClCompile Include="06_item\item_bombbox.cpp">
      <Filter>06_item</Filter>
    </ClCompile>
    <ClCompile Include="06_item\item_boxmanager.cpp">
      <Filter>06_item</Filter>
    </ClCompile>
    <ClCompile Include="08_3D\star.cpp">
      <Filter>08_3D</Filter>
    </ClCompile>
    <ClCompile Include="08_3D\star_manager.cpp">
      <Filter>08_3D</Filter>
    </ClCompile>
    <ClCompile Include="10_UI\player_ui.cpp">
      <Filter>10_UI</Filter>
    </ClCompile>
    <ClCompile Include="10_UI\star_ui.cpp">
      <Filter>10_UI</Filter>
    </ClCompile>
    <ClCompile Include="05_player\player.cpp">
      <Filter>05_player</Filter>
    </ClCompile>
    <ClCompile Include="10_UI\time_ui.cpp">
      <Filter>10_UI</Filter>
    </ClCompile>
    <ClCompile Include="11_common\timer.cpp">
      <Filter>11_common</Filter>
    </ClCompile>
  </ItemGroup>
</Project>